// !$*UTF8*$!
{
	archiveVersion = 1;
	classes = {
	};
	objectVersion = 46;
	objects = {

/* Begin PBXBuildFile section */
		DF01127614F2F4AE0041F25A /* Matrix4.m in Sources */ = {isa = PBXBuildFile; fileRef = DF01127514F2F4AE0041F25A /* Matrix4.m */; };
		DF01127914F2F5B70041F25A /* Vector4.m in Sources */ = {isa = PBXBuildFile; fileRef = DF01127814F2F5B70041F25A /* Vector4.m */; };
		DF01127C14F2F7910041F25A /* MatrixStack.m in Sources */ = {isa = PBXBuildFile; fileRef = DF01127B14F2F7910041F25A /* MatrixStack.m */; };
		DF01127E14F3AD350041F25A /* Carbon.framework in Frameworks */ = {isa = PBXBuildFile; fileRef = DF01127D14F3AD350041F25A /* Carbon.framework */; };
		DF073EFF14E12CE900BC506D /* Scene.m in Sources */ = {isa = PBXBuildFile; fileRef = DF073EFE14E12CE900BC506D /* Scene.m */; };
		DF2945C214E1938E007D1A15 /* Voxel.m in Sources */ = {isa = PBXBuildFile; fileRef = DF2945C114E1938E007D1A15 /* Voxel.m */; };
		DF29471214E1A50D007D1A15 /* Camera.m in Sources */ = {isa = PBXBuildFile; fileRef = DF29471114E1A50D007D1A15 /* Camera.m */; };
		DF2FD5C11509068B0073E1FF /* Generator.m in Sources */ = {isa = PBXBuildFile; fileRef = DF2FD5C01509068B0073E1FF /* Generator.m */; };
		DF35EACA14FF81C000AE8A60 /* ChunkManager.m in Sources */ = {isa = PBXBuildFile; fileRef = DF35EAC914FF81C000AE8A60 /* ChunkManager.m */; };
		DF840D5914D95C990022F193 /* Cocoa.framework in Frameworks */ = {isa = PBXBuildFile; fileRef = DF840D5814D95C990022F193 /* Cocoa.framework */; };
		DF840D6314D95C990022F193 /* InfoPlist.strings in Resources */ = {isa = PBXBuildFile; fileRef = DF840D6114D95C990022F193 /* InfoPlist.strings */; };
		DF840D6514D95C990022F193 /* main.m in Sources */ = {isa = PBXBuildFile; fileRef = DF840D6414D95C990022F193 /* main.m */; };
		DF840D6914D95C990022F193 /* Credits.rtf in Resources */ = {isa = PBXBuildFile; fileRef = DF840D6714D95C990022F193 /* Credits.rtf */; };
		DF840D6C14D95C990022F193 /* AppDelegate.m in Sources */ = {isa = PBXBuildFile; fileRef = DF840D6B14D95C990022F193 /* AppDelegate.m */; };
		DF840D6F14D95C990022F193 /* MainMenu.xib in Resources */ = {isa = PBXBuildFile; fileRef = DF840D6D14D95C990022F193 /* MainMenu.xib */; };
		DF840D7714D95C9A0022F193 /* SenTestingKit.framework in Frameworks */ = {isa = PBXBuildFile; fileRef = DF840D7614D95C9A0022F193 /* SenTestingKit.framework */; };
		DF840D7814D95C9A0022F193 /* Cocoa.framework in Frameworks */ = {isa = PBXBuildFile; fileRef = DF840D5814D95C990022F193 /* Cocoa.framework */; };
		DF840D8014D95C9A0022F193 /* InfoPlist.strings in Resources */ = {isa = PBXBuildFile; fileRef = DF840D7E14D95C9A0022F193 /* InfoPlist.strings */; };
		DF840D8314D95C9A0022F193 /* CubeworldTests.m in Sources */ = {isa = PBXBuildFile; fileRef = DF840D8214D95C9A0022F193 /* CubeworldTests.m */; };
		DF840D9214D95E860022F193 /* OpenGLView.m in Sources */ = {isa = PBXBuildFile; fileRef = DF840D9114D95E860022F193 /* OpenGLView.m */; };
		DF840D9414D95EAA0022F193 /* OpenGL.framework in Frameworks */ = {isa = PBXBuildFile; fileRef = DF840D9314D95EAA0022F193 /* OpenGL.framework */; };
		DF840DA314D9738A0022F193 /* Test.vsh in Sources */ = {isa = PBXBuildFile; fileRef = DF840DA214D9738A0022F193 /* Test.vsh */; };
		DF840DA514D973980022F193 /* Test.fsh in Sources */ = {isa = PBXBuildFile; fileRef = DF840DA414D973980022F193 /* Test.fsh */; };
		DF840DAB14D97CAF0022F193 /* Test.vsh in Resources */ = {isa = PBXBuildFile; fileRef = DF840DA214D9738A0022F193 /* Test.vsh */; };
		DF840DAC14D97CAF0022F193 /* Test.fsh in Resources */ = {isa = PBXBuildFile; fileRef = DF840DA414D973980022F193 /* Test.fsh */; };
		DF93A0EF14FE7F5400F201D7 /* Region.m in Sources */ = {isa = PBXBuildFile; fileRef = DF93A0EE14FE7F5400F201D7 /* Region.m */; };
		DF974A1E14ED19EF00147274 /* Octnode.m in Sources */ = {isa = PBXBuildFile; fileRef = DF974A1D14ED19EF00147274 /* Octnode.m */; };
		DF974A2214ED4DDF00147274 /* Chunk.m in Sources */ = {isa = PBXBuildFile; fileRef = DF974A2114ED4DDF00147274 /* Chunk.m */; };
		DFAD6C0814E402D0002AB62A /* Accelerate.framework in Frameworks */ = {isa = PBXBuildFile; fileRef = DFAD6C0714E402D0002AB62A /* Accelerate.framework */; };
/* End PBXBuildFile section */

/* Begin PBXContainerItemProxy section */
		DF840D7914D95C9A0022F193 /* PBXContainerItemProxy */ = {
			isa = PBXContainerItemProxy;
			containerPortal = DF840D4B14D95C990022F193 /* Project object */;
			proxyType = 1;
			remoteGlobalIDString = DF840D5314D95C990022F193;
			remoteInfo = Cubeworld;
		};
/* End PBXContainerItemProxy section */

/* Begin PBXFileReference section */
		DF01127414F2F4AE0041F25A /* Matrix4.h */ = {isa = PBXFileReference; fileEncoding = 4; lastKnownFileType = sourcecode.c.h; path = Matrix4.h; sourceTree = "<group>"; };
		DF01127514F2F4AE0041F25A /* Matrix4.m */ = {isa = PBXFileReference; fileEncoding = 4; lastKnownFileType = sourcecode.c.objc; path = Matrix4.m; sourceTree = "<group>"; };
		DF01127714F2F5B70041F25A /* Vector4.h */ = {isa = PBXFileReference; fileEncoding = 4; lastKnownFileType = sourcecode.c.h; path = Vector4.h; sourceTree = "<group>"; };
		DF01127814F2F5B70041F25A /* Vector4.m */ = {isa = PBXFileReference; fileEncoding = 4; lastKnownFileType = sourcecode.c.objc; path = Vector4.m; sourceTree = "<group>"; };
		DF01127A14F2F7910041F25A /* MatrixStack.h */ = {isa = PBXFileReference; fileEncoding = 4; lastKnownFileType = sourcecode.c.h; path = MatrixStack.h; sourceTree = "<group>"; };
		DF01127B14F2F7910041F25A /* MatrixStack.m */ = {isa = PBXFileReference; fileEncoding = 4; lastKnownFileType = sourcecode.c.objc; path = MatrixStack.m; sourceTree = "<group>"; };
		DF01127D14F3AD350041F25A /* Carbon.framework */ = {isa = PBXFileReference; lastKnownFileType = wrapper.framework; name = Carbon.framework; path = System/Library/Frameworks/Carbon.framework; sourceTree = SDKROOT; };
		DF073EFD14E12CE900BC506D /* Scene.h */ = {isa = PBXFileReference; fileEncoding = 4; lastKnownFileType = sourcecode.c.h; path = Scene.h; sourceTree = "<group>"; };
		DF073EFE14E12CE900BC506D /* Scene.m */ = {isa = PBXFileReference; fileEncoding = 4; lastKnownFileType = sourcecode.c.objc; path = Scene.m; sourceTree = "<group>"; };
		DF2945C014E1938E007D1A15 /* Voxel.h */ = {isa = PBXFileReference; fileEncoding = 4; lastKnownFileType = sourcecode.c.h; path = Voxel.h; sourceTree = "<group>"; };
		DF2945C114E1938E007D1A15 /* Voxel.m */ = {isa = PBXFileReference; fileEncoding = 4; lastKnownFileType = sourcecode.c.objc; path = Voxel.m; sourceTree = "<group>"; };
		DF29471014E1A50D007D1A15 /* Camera.h */ = {isa = PBXFileReference; fileEncoding = 4; lastKnownFileType = sourcecode.c.h; path = Camera.h; sourceTree = "<group>"; };
		DF29471114E1A50D007D1A15 /* Camera.m */ = {isa = PBXFileReference; fileEncoding = 4; lastKnownFileType = sourcecode.c.objc; path = Camera.m; sourceTree = "<group>"; };
		DF2FD5BF1509068B0073E1FF /* Generator.h */ = {isa = PBXFileReference; fileEncoding = 4; lastKnownFileType = sourcecode.c.h; path = Generator.h; sourceTree = "<group>"; };
		DF2FD5C01509068B0073E1FF /* Generator.m */ = {isa = PBXFileReference; fileEncoding = 4; lastKnownFileType = sourcecode.c.objc; path = Generator.m; sourceTree = "<group>"; };
		DF35EAC814FF81C000AE8A60 /* ChunkManager.h */ = {isa = PBXFileReference; fileEncoding = 4; lastKnownFileType = sourcecode.c.h; path = ChunkManager.h; sourceTree = "<group>"; };
		DF35EAC914FF81C000AE8A60 /* ChunkManager.m */ = {isa = PBXFileReference; fileEncoding = 4; lastKnownFileType = sourcecode.c.objc; path = ChunkManager.m; sourceTree = "<group>"; };
		DF64F3AA14E55A870003630A /* VectorMath.h */ = {isa = PBXFileReference; fileEncoding = 4; lastKnownFileType = sourcecode.c.h; path = VectorMath.h; sourceTree = "<group>"; };
		DF840D5414D95C990022F193 /* Cubeworld.app */ = {isa = PBXFileReference; explicitFileType = wrapper.application; includeInIndex = 0; path = Cubeworld.app; sourceTree = BUILT_PRODUCTS_DIR; };
		DF840D5814D95C990022F193 /* Cocoa.framework */ = {isa = PBXFileReference; lastKnownFileType = wrapper.framework; name = Cocoa.framework; path = System/Library/Frameworks/Cocoa.framework; sourceTree = SDKROOT; };
		DF840D5B14D95C990022F193 /* AppKit.framework */ = {isa = PBXFileReference; lastKnownFileType = wrapper.framework; name = AppKit.framework; path = System/Library/Frameworks/AppKit.framework; sourceTree = SDKROOT; };
		DF840D5C14D95C990022F193 /* CoreData.framework */ = {isa = PBXFileReference; lastKnownFileType = wrapper.framework; name = CoreData.framework; path = System/Library/Frameworks/CoreData.framework; sourceTree = SDKROOT; };
		DF840D5D14D95C990022F193 /* Foundation.framework */ = {isa = PBXFileReference; lastKnownFileType = wrapper.framework; name = Foundation.framework; path = System/Library/Frameworks/Foundation.framework; sourceTree = SDKROOT; };
		DF840D6014D95C990022F193 /* Cubeworld-Info.plist */ = {isa = PBXFileReference; lastKnownFileType = text.plist.xml; path = "Cubeworld-Info.plist"; sourceTree = "<group>"; };
		DF840D6214D95C990022F193 /* en */ = {isa = PBXFileReference; lastKnownFileType = text.plist.strings; name = en; path = en.lproj/InfoPlist.strings; sourceTree = "<group>"; };
		DF840D6414D95C990022F193 /* main.m */ = {isa = PBXFileReference; lastKnownFileType = sourcecode.c.objc; path = main.m; sourceTree = "<group>"; };
		DF840D6614D95C990022F193 /* Cubeworld-Prefix.pch */ = {isa = PBXFileReference; lastKnownFileType = sourcecode.c.h; path = "Cubeworld-Prefix.pch"; sourceTree = "<group>"; };
		DF840D6814D95C990022F193 /* en */ = {isa = PBXFileReference; lastKnownFileType = text.rtf; name = en; path = en.lproj/Credits.rtf; sourceTree = "<group>"; };
		DF840D6A14D95C990022F193 /* AppDelegate.h */ = {isa = PBXFileReference; lastKnownFileType = sourcecode.c.h; path = AppDelegate.h; sourceTree = "<group>"; };
		DF840D6B14D95C990022F193 /* AppDelegate.m */ = {isa = PBXFileReference; lastKnownFileType = sourcecode.c.objc; path = AppDelegate.m; sourceTree = "<group>"; };
		DF840D6E14D95C990022F193 /* en */ = {isa = PBXFileReference; lastKnownFileType = file.xib; name = en; path = en.lproj/MainMenu.xib; sourceTree = "<group>"; };
		DF840D7514D95C9A0022F193 /* CubeworldTests.octest */ = {isa = PBXFileReference; explicitFileType = wrapper.cfbundle; includeInIndex = 0; path = CubeworldTests.octest; sourceTree = BUILT_PRODUCTS_DIR; };
		DF840D7614D95C9A0022F193 /* SenTestingKit.framework */ = {isa = PBXFileReference; lastKnownFileType = wrapper.framework; name = SenTestingKit.framework; path = Library/Frameworks/SenTestingKit.framework; sourceTree = DEVELOPER_DIR; };
		DF840D7D14D95C9A0022F193 /* CubeworldTests-Info.plist */ = {isa = PBXFileReference; lastKnownFileType = text.plist.xml; path = "CubeworldTests-Info.plist"; sourceTree = "<group>"; };
		DF840D7F14D95C9A0022F193 /* en */ = {isa = PBXFileReference; lastKnownFileType = text.plist.strings; name = en; path = en.lproj/InfoPlist.strings; sourceTree = "<group>"; };
		DF840D8114D95C9A0022F193 /* CubeworldTests.h */ = {isa = PBXFileReference; lastKnownFileType = sourcecode.c.h; path = CubeworldTests.h; sourceTree = "<group>"; };
		DF840D8214D95C9A0022F193 /* CubeworldTests.m */ = {isa = PBXFileReference; lastKnownFileType = sourcecode.c.objc; path = CubeworldTests.m; sourceTree = "<group>"; };
		DF840D9014D95E860022F193 /* OpenGLView.h */ = {isa = PBXFileReference; fileEncoding = 4; lastKnownFileType = sourcecode.c.h; path = OpenGLView.h; sourceTree = "<group>"; };
		DF840D9114D95E860022F193 /* OpenGLView.m */ = {isa = PBXFileReference; fileEncoding = 4; lastKnownFileType = sourcecode.c.objc; path = OpenGLView.m; sourceTree = "<group>"; };
		DF840D9314D95EAA0022F193 /* OpenGL.framework */ = {isa = PBXFileReference; lastKnownFileType = wrapper.framework; name = OpenGL.framework; path = System/Library/Frameworks/OpenGL.framework; sourceTree = SDKROOT; };
		DF840DA214D9738A0022F193 /* Test.vsh */ = {isa = PBXFileReference; fileEncoding = 4; lastKnownFileType = sourcecode.glsl; path = Test.vsh; sourceTree = "<group>"; };
		DF840DA414D973980022F193 /* Test.fsh */ = {isa = PBXFileReference; fileEncoding = 4; lastKnownFileType = sourcecode.glsl; path = Test.fsh; sourceTree = "<group>"; };
		DF90B5081504E62F00617F66 /* BlockTypes.h */ = {isa = PBXFileReference; lastKnownFileType = sourcecode.c.h; path = BlockTypes.h; sourceTree = "<group>"; };
		DF93A0ED14FE7F5400F201D7 /* Region.h */ = {isa = PBXFileReference; fileEncoding = 4; lastKnownFileType = sourcecode.c.h; path = Region.h; sourceTree = "<group>"; };
		DF93A0EE14FE7F5400F201D7 /* Region.m */ = {isa = PBXFileReference; fileEncoding = 4; lastKnownFileType = sourcecode.c.objc; path = Region.m; sourceTree = "<group>"; };
		DF974A1C14ED19EF00147274 /* Octnode.h */ = {isa = PBXFileReference; fileEncoding = 4; lastKnownFileType = sourcecode.c.h; path = Octnode.h; sourceTree = "<group>"; };
		DF974A1D14ED19EF00147274 /* Octnode.m */ = {isa = PBXFileReference; fileEncoding = 4; lastKnownFileType = sourcecode.c.objc; path = Octnode.m; sourceTree = "<group>"; };
		DF974A1F14ED1C7F00147274 /* Structures.h */ = {isa = PBXFileReference; fileEncoding = 4; lastKnownFileType = sourcecode.c.h; path = Structures.h; sourceTree = "<group>"; };
		DF974A2014ED4DDF00147274 /* Chunk.h */ = {isa = PBXFileReference; fileEncoding = 4; lastKnownFileType = sourcecode.c.h; path = Chunk.h; sourceTree = "<group>"; };
		DF974A2114ED4DDF00147274 /* Chunk.m */ = {isa = PBXFileReference; fileEncoding = 4; lastKnownFileType = sourcecode.c.objc; path = Chunk.m; sourceTree = "<group>"; };
		DFAD6C0714E402D0002AB62A /* Accelerate.framework */ = {isa = PBXFileReference; lastKnownFileType = wrapper.framework; name = Accelerate.framework; path = System/Library/Frameworks/Accelerate.framework; sourceTree = SDKROOT; };
/* End PBXFileReference section */

/* Begin PBXFrameworksBuildPhase section */
		DF840D5114D95C990022F193 /* Frameworks */ = {
			isa = PBXFrameworksBuildPhase;
			buildActionMask = 2147483647;
			files = (
				DF01127E14F3AD350041F25A /* Carbon.framework in Frameworks */,
				DFAD6C0814E402D0002AB62A /* Accelerate.framework in Frameworks */,
				DF840D9414D95EAA0022F193 /* OpenGL.framework in Frameworks */,
				DF840D5914D95C990022F193 /* Cocoa.framework in Frameworks */,
			);
			runOnlyForDeploymentPostprocessing = 0;
		};
		DF840D7114D95C9A0022F193 /* Frameworks */ = {
			isa = PBXFrameworksBuildPhase;
			buildActionMask = 2147483647;
			files = (
				DF840D7714D95C9A0022F193 /* SenTestingKit.framework in Frameworks */,
				DF840D7814D95C9A0022F193 /* Cocoa.framework in Frameworks */,
			);
			runOnlyForDeploymentPostprocessing = 0;
		};
/* End PBXFrameworksBuildPhase section */

/* Begin PBXGroup section */
		DF01127114F2F4740041F25A /* Maths Stuff */ = {
			isa = PBXGroup;
			children = (
				DF01127A14F2F7910041F25A /* MatrixStack.h */,
				DF01127B14F2F7910041F25A /* MatrixStack.m */,
				DF01127414F2F4AE0041F25A /* Matrix4.h */,
				DF01127514F2F4AE0041F25A /* Matrix4.m */,
				DF01127714F2F5B70041F25A /* Vector4.h */,
				DF01127814F2F5B70041F25A /* Vector4.m */,
			);
			name = "Maths Stuff";
			sourceTree = "<group>";
		};
		DF2945BE14E19377007D1A15 /* World Elements */ = {
			isa = PBXGroup;
			children = (
				DF93A0ED14FE7F5400F201D7 /* Region.h */,
				DF93A0EE14FE7F5400F201D7 /* Region.m */,
				DF974A2014ED4DDF00147274 /* Chunk.h */,
				DF974A2114ED4DDF00147274 /* Chunk.m */,
				DF974A1C14ED19EF00147274 /* Octnode.h */,
				DF974A1D14ED19EF00147274 /* Octnode.m */,
				DF2945C014E1938E007D1A15 /* Voxel.h */,
				DF2945C114E1938E007D1A15 /* Voxel.m */,
			);
			name = "World Elements";
			sourceTree = "<group>";
		};
		DF840D4914D95C990022F193 = {
			isa = PBXGroup;
			children = (
				DF01127D14F3AD350041F25A /* Carbon.framework */,
				DFAD6C0714E402D0002AB62A /* Accelerate.framework */,
				DF840D9314D95EAA0022F193 /* OpenGL.framework */,
				DF840D5E14D95C990022F193 /* Cubeworld */,
				DF840D7B14D95C9A0022F193 /* CubeworldTests */,
				DF840D5714D95C990022F193 /* Frameworks */,
				DF840D5514D95C990022F193 /* Products */,
			);
			sourceTree = "<group>";
		};
		DF840D5514D95C990022F193 /* Products */ = {
			isa = PBXGroup;
			children = (
				DF840D5414D95C990022F193 /* Cubeworld.app */,
				DF840D7514D95C9A0022F193 /* CubeworldTests.octest */,
			);
			name = Products;
			sourceTree = "<group>";
		};
		DF840D5714D95C990022F193 /* Frameworks */ = {
			isa = PBXGroup;
			children = (
				DF840D5814D95C990022F193 /* Cocoa.framework */,
				DF840D7614D95C9A0022F193 /* SenTestingKit.framework */,
				DF840D5A14D95C990022F193 /* Other Frameworks */,
			);
			name = Frameworks;
			sourceTree = "<group>";
		};
		DF840D5A14D95C990022F193 /* Other Frameworks */ = {
			isa = PBXGroup;
			children = (
				DF840D5B14D95C990022F193 /* AppKit.framework */,
				DF840D5C14D95C990022F193 /* CoreData.framework */,
				DF840D5D14D95C990022F193 /* Foundation.framework */,
			);
			name = "Other Frameworks";
			sourceTree = "<group>";
		};
		DF840D5E14D95C990022F193 /* Cubeworld */ = {
			isa = PBXGroup;
			children = (
				DF64F3AA14E55A870003630A /* VectorMath.h */,
				DF974A1F14ED1C7F00147274 /* Structures.h */,
				DF90B5081504E62F00617F66 /* BlockTypes.h */,
				DF840D6A14D95C990022F193 /* AppDelegate.h */,
				DF840D6B14D95C990022F193 /* AppDelegate.m */,
				DF840D6D14D95C990022F193 /* MainMenu.xib */,
				DF840D9014D95E860022F193 /* OpenGLView.h */,
				DF840D9114D95E860022F193 /* OpenGLView.m */,
				DF073EFD14E12CE900BC506D /* Scene.h */,
				DF073EFE14E12CE900BC506D /* Scene.m */,
				DF29471014E1A50D007D1A15 /* Camera.h */,
				DF29471114E1A50D007D1A15 /* Camera.m */,
				DF2945BE14E19377007D1A15 /* World Elements */,
				DF93A0EC14FE7B5100F201D7 /* World Generation */,
				DF01127114F2F4740041F25A /* Maths Stuff */,
				DF840DA114D973510022F193 /* Shaders */,
				DF840D5F14D95C990022F193 /* Supporting Files */,
			);
			path = Cubeworld;
			sourceTree = "<group>";
		};
		DF840D5F14D95C990022F193 /* Supporting Files */ = {
			isa = PBXGroup;
			children = (
				DF840D6014D95C990022F193 /* Cubeworld-Info.plist */,
				DF840D6114D95C990022F193 /* InfoPlist.strings */,
				DF840D6414D95C990022F193 /* main.m */,
				DF840D6614D95C990022F193 /* Cubeworld-Prefix.pch */,
				DF840D6714D95C990022F193 /* Credits.rtf */,
			);
			name = "Supporting Files";
			sourceTree = "<group>";
		};
		DF840D7B14D95C9A0022F193 /* CubeworldTests */ = {
			isa = PBXGroup;
			children = (
				DF840D8114D95C9A0022F193 /* CubeworldTests.h */,
				DF840D8214D95C9A0022F193 /* CubeworldTests.m */,
				DF840D7C14D95C9A0022F193 /* Supporting Files */,
			);
			path = CubeworldTests;
			sourceTree = "<group>";
		};
		DF840D7C14D95C9A0022F193 /* Supporting Files */ = {
			isa = PBXGroup;
			children = (
				DF840D7D14D95C9A0022F193 /* CubeworldTests-Info.plist */,
				DF840D7E14D95C9A0022F193 /* InfoPlist.strings */,
			);
			name = "Supporting Files";
			sourceTree = "<group>";
		};
		DF840DA114D973510022F193 /* Shaders */ = {
			isa = PBXGroup;
			children = (
				DF840DA214D9738A0022F193 /* Test.vsh */,
				DF840DA414D973980022F193 /* Test.fsh */,
			);
			name = Shaders;
			sourceTree = "<group>";
		};
		DF93A0EC14FE7B5100F201D7 /* World Generation */ = {
			isa = PBXGroup;
			children = (
				DF35EAC814FF81C000AE8A60 /* ChunkManager.h */,
				DF35EAC914FF81C000AE8A60 /* ChunkManager.m */,
				DF2FD5BF1509068B0073E1FF /* Generator.h */,
				DF2FD5C01509068B0073E1FF /* Generator.m */,
			);
			name = "World Generation";
			sourceTree = "<group>";
		};
/* End PBXGroup section */

/* Begin PBXNativeTarget section */
		DF840D5314D95C990022F193 /* Cubeworld */ = {
			isa = PBXNativeTarget;
			buildConfigurationList = DF840D8614D95C9A0022F193 /* Build configuration list for PBXNativeTarget "Cubeworld" */;
			buildPhases = (
				DF840D5014D95C990022F193 /* Sources */,
				DF840D5114D95C990022F193 /* Frameworks */,
				DF840D5214D95C990022F193 /* Resources */,
			);
			buildRules = (
			);
			dependencies = (
			);
			name = Cubeworld;
			productName = Cubeworld;
			productReference = DF840D5414D95C990022F193 /* Cubeworld.app */;
			productType = "com.apple.product-type.application";
		};
		DF840D7414D95C9A0022F193 /* CubeworldTests */ = {
			isa = PBXNativeTarget;
			buildConfigurationList = DF840D8914D95C9A0022F193 /* Build configuration list for PBXNativeTarget "CubeworldTests" */;
			buildPhases = (
				DF840D7014D95C9A0022F193 /* Sources */,
				DF840D7114D95C9A0022F193 /* Frameworks */,
				DF840D7214D95C9A0022F193 /* Resources */,
				DF840D7314D95C9A0022F193 /* ShellScript */,
			);
			buildRules = (
			);
			dependencies = (
				DF840D7A14D95C9A0022F193 /* PBXTargetDependency */,
			);
			name = CubeworldTests;
			productName = CubeworldTests;
			productReference = DF840D7514D95C9A0022F193 /* CubeworldTests.octest */;
			productType = "com.apple.product-type.bundle";
		};
/* End PBXNativeTarget section */

/* Begin PBXProject section */
		DF840D4B14D95C990022F193 /* Project object */ = {
			isa = PBXProject;
			attributes = {
				LastUpgradeCheck = 0420;
			};
			buildConfigurationList = DF840D4E14D95C990022F193 /* Build configuration list for PBXProject "Cubeworld" */;
			compatibilityVersion = "Xcode 3.2";
			developmentRegion = English;
			hasScannedForEncodings = 0;
			knownRegions = (
				en,
			);
			mainGroup = DF840D4914D95C990022F193;
			productRefGroup = DF840D5514D95C990022F193 /* Products */;
			projectDirPath = "";
			projectRoot = "";
			targets = (
				DF840D5314D95C990022F193 /* Cubeworld */,
				DF840D7414D95C9A0022F193 /* CubeworldTests */,
			);
		};
/* End PBXProject section */

/* Begin PBXResourcesBuildPhase section */
		DF840D5214D95C990022F193 /* Resources */ = {
			isa = PBXResourcesBuildPhase;
			buildActionMask = 2147483647;
			files = (
				DF840DAB14D97CAF0022F193 /* Test.vsh in Resources */,
				DF840DAC14D97CAF0022F193 /* Test.fsh in Resources */,
				DF840D6314D95C990022F193 /* InfoPlist.strings in Resources */,
				DF840D6914D95C990022F193 /* Credits.rtf in Resources */,
				DF840D6F14D95C990022F193 /* MainMenu.xib in Resources */,
			);
			runOnlyForDeploymentPostprocessing = 0;
		};
		DF840D7214D95C9A0022F193 /* Resources */ = {
			isa = PBXResourcesBuildPhase;
			buildActionMask = 2147483647;
			files = (
				DF840D8014D95C9A0022F193 /* InfoPlist.strings in Resources */,
			);
			runOnlyForDeploymentPostprocessing = 0;
		};
/* End PBXResourcesBuildPhase section */

/* Begin PBXShellScriptBuildPhase section */
		DF840D7314D95C9A0022F193 /* ShellScript */ = {
			isa = PBXShellScriptBuildPhase;
			buildActionMask = 2147483647;
			files = (
			);
			inputPaths = (
			);
			outputPaths = (
			);
			runOnlyForDeploymentPostprocessing = 0;
			shellPath = /bin/sh;
			shellScript = "# Run the unit tests in this test bundle.\n\"${SYSTEM_DEVELOPER_DIR}/Tools/RunUnitTests\"\n";
		};
/* End PBXShellScriptBuildPhase section */

/* Begin PBXSourcesBuildPhase section */
		DF840D5014D95C990022F193 /* Sources */ = {
			isa = PBXSourcesBuildPhase;
			buildActionMask = 2147483647;
			files = (
				DF840D6514D95C990022F193 /* main.m in Sources */,
				DF840D6C14D95C990022F193 /* AppDelegate.m in Sources */,
				DF840D9214D95E860022F193 /* OpenGLView.m in Sources */,
				DF840DA314D9738A0022F193 /* Test.vsh in Sources */,
				DF840DA514D973980022F193 /* Test.fsh in Sources */,
				DF073EFF14E12CE900BC506D /* Scene.m in Sources */,
				DF2945C214E1938E007D1A15 /* Voxel.m in Sources */,
				DF29471214E1A50D007D1A15 /* Camera.m in Sources */,
				DF974A1E14ED19EF00147274 /* Octnode.m in Sources */,
				DF974A2214ED4DDF00147274 /* Chunk.m in Sources */,
				DF01127614F2F4AE0041F25A /* Matrix4.m in Sources */,
				DF01127914F2F5B70041F25A /* Vector4.m in Sources */,
				DF01127C14F2F7910041F25A /* MatrixStack.m in Sources */,
				DF93A0EF14FE7F5400F201D7 /* Region.m in Sources */,
				DF35EACA14FF81C000AE8A60 /* ChunkManager.m in Sources */,
				DF2FD5C11509068B0073E1FF /* Generator.m in Sources */,
			);
			runOnlyForDeploymentPostprocessing = 0;
		};
		DF840D7014D95C9A0022F193 /* Sources */ = {
			isa = PBXSourcesBuildPhase;
			buildActionMask = 2147483647;
			files = (
				DF840D8314D95C9A0022F193 /* CubeworldTests.m in Sources */,
			);
			runOnlyForDeploymentPostprocessing = 0;
		};
/* End PBXSourcesBuildPhase section */

/* Begin PBXTargetDependency section */
		DF840D7A14D95C9A0022F193 /* PBXTargetDependency */ = {
			isa = PBXTargetDependency;
			target = DF840D5314D95C990022F193 /* Cubeworld */;
			targetProxy = DF840D7914D95C9A0022F193 /* PBXContainerItemProxy */;
		};
/* End PBXTargetDependency section */

/* Begin PBXVariantGroup section */
		DF840D6114D95C990022F193 /* InfoPlist.strings */ = {
			isa = PBXVariantGroup;
			children = (
				DF840D6214D95C990022F193 /* en */,
			);
			name = InfoPlist.strings;
			sourceTree = "<group>";
		};
		DF840D6714D95C990022F193 /* Credits.rtf */ = {
			isa = PBXVariantGroup;
			children = (
				DF840D6814D95C990022F193 /* en */,
			);
			name = Credits.rtf;
			sourceTree = "<group>";
		};
		DF840D6D14D95C990022F193 /* MainMenu.xib */ = {
			isa = PBXVariantGroup;
			children = (
				DF840D6E14D95C990022F193 /* en */,
			);
			name = MainMenu.xib;
			sourceTree = "<group>";
		};
		DF840D7E14D95C9A0022F193 /* InfoPlist.strings */ = {
			isa = PBXVariantGroup;
			children = (
				DF840D7F14D95C9A0022F193 /* en */,
			);
			name = InfoPlist.strings;
			sourceTree = "<group>";
		};
/* End PBXVariantGroup section */

/* Begin XCBuildConfiguration section */
		DF840D8414D95C9A0022F193 /* Debug */ = {
			isa = XCBuildConfiguration;
			buildSettings = {
				ALWAYS_SEARCH_USER_PATHS = NO;
				ARCHS = "$(ARCHS_STANDARD_64_BIT)";
				COPY_PHASE_STRIP = NO;
				GCC_C_LANGUAGE_STANDARD = gnu99;
				GCC_DYNAMIC_NO_PIC = NO;
				GCC_ENABLE_OBJC_EXCEPTIONS = YES;
				GCC_OPTIMIZATION_LEVEL = 0;
				GCC_PREPROCESSOR_DEFINITIONS = (
					"DEBUG=1",
					"$(inherited)",
				);
				GCC_SYMBOLS_PRIVATE_EXTERN = NO;
				GCC_VERSION = com.apple.compilers.llvm.clang.1_0;
				GCC_WARN_64_TO_32_BIT_CONVERSION = YES;
				GCC_WARN_ABOUT_MISSING_PROTOTYPES = YES;
				GCC_WARN_ABOUT_RETURN_TYPE = YES;
				GCC_WARN_UNUSED_VARIABLE = YES;
				MACOSX_DEPLOYMENT_TARGET = 10.7;
				ONLY_ACTIVE_ARCH = YES;
				SDKROOT = macosx;
			};
			name = Debug;
		};
		DF840D8514D95C9A0022F193 /* Release */ = {
			isa = XCBuildConfiguration;
			buildSettings = {
				ALWAYS_SEARCH_USER_PATHS = NO;
				ARCHS = "$(ARCHS_STANDARD_64_BIT)";
				COPY_PHASE_STRIP = YES;
				DEBUG_INFORMATION_FORMAT = "dwarf-with-dsym";
				GCC_C_LANGUAGE_STANDARD = gnu99;
				GCC_ENABLE_OBJC_EXCEPTIONS = YES;
				GCC_VERSION = com.apple.compilers.llvm.clang.1_0;
				GCC_WARN_64_TO_32_BIT_CONVERSION = YES;
				GCC_WARN_ABOUT_MISSING_PROTOTYPES = YES;
				GCC_WARN_ABOUT_RETURN_TYPE = YES;
				GCC_WARN_UNUSED_VARIABLE = YES;
				MACOSX_DEPLOYMENT_TARGET = 10.7;
				SDKROOT = macosx;
			};
			name = Release;
		};
		DF840D8714D95C9A0022F193 /* Debug */ = {
			isa = XCBuildConfiguration;
			buildSettings = {
				GCC_PRECOMPILE_PREFIX_HEADER = YES;
				GCC_PREFIX_HEADER = "Cubeworld/Cubeworld-Prefix.pch";
				INFOPLIST_FILE = "Cubeworld/Cubeworld-Info.plist";
				PRODUCT_NAME = "$(TARGET_NAME)";
				WRAPPER_EXTENSION = app;
			};
			name = Debug;
		};
		DF840D8814D95C9A0022F193 /* Release */ = {
			isa = XCBuildConfiguration;
			buildSettings = {
				GCC_PRECOMPILE_PREFIX_HEADER = YES;
				GCC_PREFIX_HEADER = "Cubeworld/Cubeworld-Prefix.pch";
				INFOPLIST_FILE = "Cubeworld/Cubeworld-Info.plist";
				PRODUCT_NAME = "$(TARGET_NAME)";
				WRAPPER_EXTENSION = app;
			};
			name = Release;
		};
		DF840D8A14D95C9A0022F193 /* Debug */ = {
			isa = XCBuildConfiguration;
			buildSettings = {
				BUNDLE_LOADER = "$(BUILT_PRODUCTS_DIR)/Cubeworld.app/Contents/MacOS/Cubeworld";
				FRAMEWORK_SEARCH_PATHS = "$(DEVELOPER_LIBRARY_DIR)/Frameworks";
				GCC_PRECOMPILE_PREFIX_HEADER = YES;
				GCC_PREFIX_HEADER = "Cubeworld/Cubeworld-Prefix.pch";
				INFOPLIST_FILE = "CubeworldTests/CubeworldTests-Info.plist";
				PRODUCT_NAME = "$(TARGET_NAME)";
				TEST_HOST = "$(BUNDLE_LOADER)";
				WRAPPER_EXTENSION = octest;
			};
			name = Debug;
		};
		DF840D8B14D95C9A0022F193 /* Release */ = {
			isa = XCBuildConfiguration;
			buildSettings = {
				BUNDLE_LOADER = "$(BUILT_PRODUCTS_DIR)/Cubeworld.app/Contents/MacOS/Cubeworld";
				FRAMEWORK_SEARCH_PATHS = "$(DEVELOPER_LIBRARY_DIR)/Frameworks";
				GCC_PRECOMPILE_PREFIX_HEADER = YES;
				GCC_PREFIX_HEADER = "Cubeworld/Cubeworld-Prefix.pch";
				INFOPLIST_FILE = "CubeworldTests/CubeworldTests-Info.plist";
				PRODUCT_NAME = "$(TARGET_NAME)";
				TEST_HOST = "$(BUNDLE_LOADER)";
				WRAPPER_EXTENSION = octest;
			};
			name = Release;
		};
/* End XCBuildConfiguration section */

/* Begin XCConfigurationList section */
		DF840D4E14D95C990022F193 /* Build configuration list for PBXProject "Cubeworld" */ = {
			isa = XCConfigurationList;
			buildConfigurations = (
				DF840D8414D95C9A0022F193 /* Debug */,
				DF840D8514D95C9A0022F193 /* Release */,
			);
			defaultConfigurationIsVisible = 0;
			defaultConfigurationName = Release;
		};
		DF840D8614D95C9A0022F193 /* Build configuration list for PBXNativeTarget "Cubeworld" */ = {
			isa = XCConfigurationList;
			buildConfigurations = (
				DF840D8714D95C9A0022F193 /* Debug */,
				DF840D8814D95C9A0022F193 /* Release */,
			);
			defaultConfigurationIsVisible = 0;
			defaultConfigurationName = Release;
		};
		DF840D8914D95C9A0022F193 /* Build configuration list for PBXNativeTarget "CubeworldTests" */ = {
			isa = XCConfigurationList;
			buildConfigurations = (
				DF840D8A14D95C9A0022F193 /* Debug */,
				DF840D8B14D95C9A0022F193 /* Release */,
			);
			defaultConfigurationIsVisible = 0;
			defaultConfigurationName = Release;
		};
/* End XCConfigurationList section */
	};
	rootObject = DF840D4B14D95C990022F193 /* Project object */;
}
